
Microsoft Visual Studio Solution File, Format Version 12.00
# Visual Studio 15
Project("{FAE04EC0-301F-11D3-BF4B-00C04F79EFBC}") = "NaughtyWaterBuoyancy.Core", "NaughtyWaterBuoyancy.Core.csproj", "{1BB2D9CC-E070-BE55-0F8A-5E56BB25660E}"
EndProject
Project("{FAE04EC0-301F-11D3-BF4B-00C04F79EFBC}") = "Crest", "Crest.csproj", "{A14755C9-DC81-2418-AFED-9957111FA403}"
EndProject
Project("{FAE04EC0-301F-11D3-BF4B-00C04F79EFBC}") = "Crest.Examples", "Crest.Examples.csproj", "{A1DE25D6-E5AF-6329-449D-4535CCF42ED0}"
EndProject
Project("{FAE04EC0-301F-11D3-BF4B-00C04F79EFBC}") = "Crest.Helpers.Editor", "Crest.Helpers.Editor.csproj", "{D69F1F14-DAAD-10EA-5934-2FA78A056A41}"
EndProject
Project("{FAE04EC0-301F-11D3-BF4B-00C04F79EFBC}") = "NaughtyWaterBuoyancy.Editor", "NaughtyWaterBuoyancy.Editor.csproj", "{1634C483-7EA3-8C6B-7E65-EC4DC4953F32}"
EndProject
Global
	GlobalSection(SolutionConfigurationPlatforms) = preSolution
		Debug|Any CPU = Debug|Any CPU
		Release|Any CPU = Release|Any CPU
	EndGlobalSection
	GlobalSection(ProjectConfigurationPlatforms) = postSolution
		{1BB2D9CC-E070-BE55-0F8A-5E56BB25660E}.Debug|Any CPU.ActiveCfg = Debug|Any CPU
		{1BB2D9CC-E070-BE55-0F8A-5E56BB25660E}.Debug|Any CPU.Build.0 = Debug|Any CPU
		{1BB2D9CC-E070-BE55-0F8A-5E56BB25660E}.Release|Any CPU.ActiveCfg = Release|Any CPU
		{1BB2D9CC-E070-BE55-0F8A-5E56BB25660E}.Release|Any CPU.Build.0 = Release|Any CPU
		{A14755C9-DC81-2418-AFED-9957111FA403}.Debug|Any CPU.ActiveCfg = Debug|Any CPU
		{A14755C9-DC81-2418-AFED-9957111FA403}.Debug|Any CPU.Build.0 = Debug|Any CPU
		{A14755C9-DC81-2418-AFED-9957111FA403}.Release|Any CPU.ActiveCfg = Release|Any CPU
		{A14755C9-DC81-2418-AFED-9957111FA403}.Release|Any CPU.Build.0 = Release|Any CPU
		{A1DE25D6-E5AF-6329-449D-4535CCF42ED0}.Debug|Any CPU.ActiveCfg = Debug|Any CPU
		{A1DE25D6-E5AF-6329-449D-4535CCF42ED0}.Debug|Any CPU.Build.0 = Debug|Any CPU
		{A1DE25D6-E5AF-6329-449D-4535CCF42ED0}.Release|Any CPU.ActiveCfg = Release|Any CPU
		{A1DE25D6-E5AF-6329-449D-4535CCF42ED0}.Release|Any CPU.Build.0 = Release|Any CPU
		{D69F1F14-DAAD-10EA-5934-2FA78A056A41}.Debug|Any CPU.ActiveCfg = Debug|Any CPU
		{D69F1F14-DAAD-10EA-5934-2FA78A056A41}.Debug|Any CPU.Build.0 = Debug|Any CPU
		{D69F1F14-DAAD-10EA-5934-2FA78A056A41}.Release|Any CPU.ActiveCfg = Release|Any CPU
		{D69F1F14-DAAD-10EA-5934-2FA78A056A41}.Release|Any CPU.Build.0 = Release|Any CPU
		{1634C483-7EA3-8C6B-7E65-EC4DC4953F32}.Debug|Any CPU.ActiveCfg = Debug|Any CPU
		{1634C483-7EA3-8C6B-7E65-EC4DC4953F32}.Debug|Any CPU.Build.0 = Debug|Any CPU
		{1634C483-7EA3-8C6B-7E65-EC4DC4953F32}.Release|Any CPU.ActiveCfg = Release|Any CPU
		{1634C483-7EA3-8C6B-7E65-EC4DC4953F32}.Release|Any CPU.Build.0 = Release|Any CPU
	EndGlobalSection
	GlobalSection(SolutionProperties) = preSolution
		HideSolutionNode = FALSE
	EndGlobalSection
EndGlobal
